
Microsoft Visual Studio Solution File, Format Version 12.00
# Visual Studio Version 17
VisualStudioVersion = 17.11.35208.52
MinimumVisualStudioVersion = 10.0.40219.1
Project("{FAE04EC0-301F-11D3-BF4B-00C04F79EFBC}") = "ReviewSystemAPI", "ReviewSystemAPI.csproj", "{96ECED9E-4658-478B-87ED-FB4AA4D5992F}"
EndProject
Global
	GlobalSection(SolutionConfigurationPlatforms) = preSolution
		Debug|Any CPU = Debug|Any CPU
		Release|Any CPU = Release|Any CPU
	EndGlobalSection
	GlobalSection(ProjectConfigurationPlatforms) = postSolution
		{96ECED9E-4658-478B-87ED-FB4AA4D5992F}.Debug|Any CPU.ActiveCfg = Debug|Any CPU
		{96ECED9E-4658-478B-87ED-FB4AA4D5992F}.Debug|Any CPU.Build.0 = Debug|Any CPU
		{96ECED9E-4658-478B-87ED-FB4AA4D5992F}.Release|Any CPU.ActiveCfg = Release|Any CPU
		{96ECED9E-4658-478B-87ED-FB4AA4D5992F}.Release|Any CPU.Build.0 = Release|Any CPU
	EndGlobalSection
	GlobalSection(SolutionProperties) = preSolution
		HideSolutionNode = FALSE
	EndGlobalSection
	GlobalSection(ExtensibilityGlobals) = postSolution
		SolutionGuid = {F0338136-0AFF-41D5-B090-0EC343F2FED3}
	EndGlobalSection
EndGlobal
